
Microsoft Visual Studio Solution File, Format Version 12.00
# Visual Studio Version 17
VisualStudioVersion = 17.10.34928.147
MinimumVisualStudioVersion = 10.0.40219.1
Project("{FAE04EC0-301F-11D3-BF4B-00C04F79EFBC}") = "LWMemory", "LWMemory.csproj", "{A522F6B5-71BD-4EFB-9914-30DB5A333435}"
EndProject
Global
	GlobalSection(SolutionConfigurationPlatforms) = preSolution
		Debug|Any CPU = Debug|Any CPU
		Release|Any CPU = Release|Any CPU
	EndGlobalSection
	GlobalSection(ProjectConfigurationPlatforms) = postSolution
		{A522F6B5-71BD-4EFB-9914-30DB5A333435}.Debug|Any CPU.ActiveCfg = Debug|Any CPU
		{A522F6B5-71BD-4EFB-9914-30DB5A333435}.Debug|Any CPU.Build.0 = Debug|Any CPU
		{A522F6B5-71BD-4EFB-9914-30DB5A333435}.Release|Any CPU.ActiveCfg = Release|Any CPU
		{A522F6B5-71BD-4EFB-9914-30DB5A333435}.Release|Any CPU.Build.0 = Release|Any CPU
	EndGlobalSection
	GlobalSection(SolutionProperties) = preSolution
		HideSolutionNode = FALSE
	EndGlobalSection
	GlobalSection(ExtensibilityGlobals) = postSolution
		SolutionGuid = {E5BF1B5F-F3AB-4D4F-AC1C-AAC33F037A94}
	EndGlobalSection
EndGlobal
